PODS:
  - Flutter (1.0.0)
  - plugin_hello (0.0.1):
    - Flutter

DEPENDENCIES:
  - Flutter (from `Flutter`)
  - plugin_hello (from `.symlinks/plugins/plugin_hello/ios`)

EXTERNAL SOURCES:
  Flutter:
    :path: Flutter
  plugin_hello:
    :path: ".symlinks/plugins/plugin_hello/ios"

SPEC CHECKSUMS:
  Flutter: 0e3d915762c693b495b44d77113d4970485de6ec
  plugin_hello: bce7afcffac9087ef6afa77cebdf9315f1f13ae7

PODFILE CHECKSUM: aafe91acc616949ddb318b77800a7f51bffa2a4c

COCOAPODS: 1.10.0
